
Microsoft Visual Studio Solution File, Format Version 12.00
# Visual Studio Version 18
VisualStudioVersion = 18.2.11415.280
MinimumVisualStudioVersion = 10.0.40219.1
Project("{FAE04EC0-301F-11D3-BF4B-00C04F79EFBC}") = "UmbracoMediaSnapshot", "UmbracoMediaSnapshot\UmbracoMediaSnapshot.csproj", "{40A327D9-FA93-F699-3D80-719FD10DE154}"
EndProject
Project("{FAE04EC0-301F-11D3-BF4B-00C04F79EFBC}") = "UmbracoMediaSnapshot.Core", "UmbracoMediaSnapshot.Core\UmbracoMediaSnapshot.Core.csproj", "{C7674395-85F2-4495-8280-338939097CC3}"
EndProject
Global
	GlobalSection(SolutionConfigurationPlatforms) = preSolution
		Debug|Any CPU = Debug|Any CPU
		Release|Any CPU = Release|Any CPU
	EndGlobalSection
	GlobalSection(ProjectConfigurationPlatforms) = postSolution
		{40A327D9-FA93-F699-3D80-719FD10DE154}.Debug|Any CPU.ActiveCfg = Debug|Any CPU
		{40A327D9-FA93-F699-3D80-719FD10DE154}.Debug|Any CPU.Build.0 = Debug|Any CPU
		{40A327D9-FA93-F699-3D80-719FD10DE154}.Release|Any CPU.ActiveCfg = Release|Any CPU
		{40A327D9-FA93-F699-3D80-719FD10DE154}.Release|Any CPU.Build.0 = Release|Any CPU
		{C7674395-85F2-4495-8280-338939097CC3}.Debug|Any CPU.ActiveCfg = Debug|Any CPU
		{C7674395-85F2-4495-8280-338939097CC3}.Debug|Any CPU.Build.0 = Debug|Any CPU
		{C7674395-85F2-4495-8280-338939097CC3}.Release|Any CPU.ActiveCfg = Release|Any CPU
		{C7674395-85F2-4495-8280-338939097CC3}.Release|Any CPU.Build.0 = Release|Any CPU
	EndGlobalSection
	GlobalSection(SolutionProperties) = preSolution
		HideSolutionNode = FALSE
	EndGlobalSection
	GlobalSection(ExtensibilityGlobals) = postSolution
		SolutionGuid = {64310943-003E-421D-9115-C27FD8CF3A0D}
	EndGlobalSection
EndGlobal
